// !$*UTF8*$!
{
	archiveVersion = 1;
	classes = {
	};
	objectVersion = 46;
	objects = {

/* Begin PBXBuildFile section */
		65FBDC1A1D5643A50079DA33 /* AppDelegate.swift in Sources */ = {isa = PBXBuildFile; fileRef = 65FBDC191D5643A50079DA33 /* AppDelegate.swift */; };
		65FBDC1C1D5643A50079DA33 /* ViewController.swift in Sources */ = {isa = PBXBuildFile; fileRef = 65FBDC1B1D5643A50079DA33 /* ViewController.swift */; };
		65FBDC1F1D5643A50079DA33 /* Main.storyboard in Resources */ = {isa = PBXBuildFile; fileRef = 65FBDC1D1D5643A50079DA33 /* Main.storyboard */; };
		65FBDC211D5643A50079DA33 /* Assets.xcassets in Resources */ = {isa = PBXBuildFile; fileRef = 65FBDC201D5643A50079DA33 /* Assets.xcassets */; };
		65FBDC241D5643A50079DA33 /* LaunchScreen.storyboard in Resources */ = {isa = PBXBuildFile; fileRef = 65FBDC221D5643A50079DA33 /* LaunchScreen.storyboard */; };
		65FBDC2F1D5643A50079DA33 /* gave_appTests.swift in Sources */ = {isa = PBXBuildFile; fileRef = 65FBDC2E1D5643A50079DA33 /* gave_appTests.swift */; };
		65FBDC3A1D5643A50079DA33 /* gave_appUITests.swift in Sources */ = {isa = PBXBuildFile; fileRef = 65FBDC391D5643A50079DA33 /* gave_appUITests.swift */; };
/* End PBXBuildFile section */

/* Begin PBXContainerItemProxy section */
		65FBDC2B1D5643A50079DA33 /* PBXContainerItemProxy */ = {
			isa = PBXContainerItemProxy;
			containerPortal = 65FBDC0E1D5643A50079DA33 /* Project object */;
			proxyType = 1;
			remoteGlobalIDString = 65FBDC151D5643A50079DA33;
			remoteInfo = "gave app";
		};
		65FBDC361D5643A50079DA33 /* PBXContainerItemProxy */ = {
			isa = PBXContainerItemProxy;
			containerPortal = 65FBDC0E1D5643A50079DA33 /* Project object */;
			proxyType = 1;
			remoteGlobalIDString = 65FBDC151D5643A50079DA33;
			remoteInfo = "gave app";
		};
/* End PBXContainerItemProxy section */

/* Begin PBXFileReference section */
		65FBDC161D5643A50079DA33 /* gave app.app */ = {isa = PBXFileReference; explicitFileType = wrapper.application; includeInIndex = 0; path = "gave app.app"; sourceTree = BUILT_PRODUCTS_DIR; };
		65FBDC191D5643A50079DA33 /* AppDelegate.swift */ = {isa = PBXFileReference; lastKnownFileType = sourcecode.swift; path = AppDelegate.swift; sourceTree = "<group>"; };
		65FBDC1B1D5643A50079DA33 /* ViewController.swift */ = {isa = PBXFileReference; lastKnownFileType = sourcecode.swift; path = ViewController.swift; sourceTree = "<group>"; };
		65FBDC1E1D5643A50079DA33 /* Base */ = {isa = PBXFileReference; lastKnownFileType = file.storyboard; name = Base; path = Base.lproj/Main.storyboard; sourceTree = "<group>"; };
		65FBDC201D5643A50079DA33 /* Assets.xcassets */ = {isa = PBXFileReference; lastKnownFileType = folder.assetcatalog; path = Assets.xcassets; sourceTree = "<group>"; };
		65FBDC231D5643A50079DA33 /* Base */ = {isa = PBXFileReference; lastKnownFileType = file.storyboard; name = Base; path = Base.lproj/LaunchScreen.storyboard; sourceTree = "<group>"; };
		65FBDC251D5643A50079DA33 /* Info.plist */ = {isa = PBXFileReference; lastKnownFileType = text.plist.xml; path = Info.plist; sourceTree = "<group>"; };
		65FBDC2A1D5643A50079DA33 /* gave appTests.xctest */ = {isa = PBXFileReference; explicitFileType = wrapper.cfbundle; includeInIndex = 0; path = "gave appTests.xctest"; sourceTree = BUILT_PRODUCTS_DIR; };
		65FBDC2E1D5643A50079DA33 /* gave_appTests.swift */ = {isa = PBXFileReference; lastKnownFileType = sourcecode.swift; path = gave_appTests.swift; sourceTree = "<group>"; };
		65FBDC301D5643A50079DA33 /* Info.plist */ = {isa = PBXFileReference; lastKnownFileType = text.plist.xml; path = Info.plist; sourceTree = "<group>"; };
		65FBDC351D5643A50079DA33 /* gave appUITests.xctest */ = {isa = PBXFileReference; explicitFileType = wrapper.cfbundle; includeInIndex = 0; path = "gave appUITests.xctest"; sourceTree = BUILT_PRODUCTS_DIR; };
		65FBDC391D5643A50079DA33 /* gave_appUITests.swift */ = {isa = PBXFileReference; lastKnownFileType = sourcecode.swift; path = gave_appUITests.swift; sourceTree = "<group>"; };
		65FBDC3B1D5643A50079DA33 /* Info.plist */ = {isa = PBXFileReference; lastKnownFileType = text.plist.xml; path = Info.plist; sourceTree = "<group>"; };
/* End PBXFileReference section */

/* Begin PBXFrameworksBuildPhase section */
		65FBDC131D5643A50079DA33 /* Frameworks */ = {
			isa = PBXFrameworksBuildPhase;
			buildActionMask = 2147483647;
			files = (
			);
			runOnlyForDeploymentPostprocessing = 0;
		};
		65FBDC271D5643A50079DA33 /* Frameworks */ = {
			isa = PBXFrameworksBuildPhase;
			buildActionMask = 2147483647;
			files = (
			);
			runOnlyForDeploymentPostprocessing = 0;
		};
		65FBDC321D5643A50079DA33 /* Frameworks */ = {
			isa = PBXFrameworksBuildPhase;
			buildActionMask = 2147483647;
			files = (
			);
			runOnlyForDeploymentPostprocessing = 0;
		};
/* End PBXFrameworksBuildPhase section */

/* Begin PBXGroup section */
		65FBDC0D1D5643A50079DA33 = {
			isa = PBXGroup;
			children = (
				65FBDC181D5643A50079DA33 /* gave app */,
				65FBDC2D1D5643A50079DA33 /* gave appTests */,
				65FBDC381D5643A50079DA33 /* gave appUITests */,
				65FBDC171D5643A50079DA33 /* Products */,
			);
			sourceTree = "<group>";
		};
		65FBDC171D5643A50079DA33 /* Products */ = {
			isa = PBXGroup;
			children = (
				65FBDC161D5643A50079DA33 /* gave app.app */,
				65FBDC2A1D5643A50079DA33 /* gave appTests.xctest */,
				65FBDC351D5643A50079DA33 /* gave appUITests.xctest */,
			);
			name = Products;
			sourceTree = "<group>";
		};
		65FBDC181D5643A50079DA33 /* gave app */ = {
			isa = PBXGroup;
			children = (
				65FBDC191D5643A50079DA33 /* AppDelegate.swift */,
				65FBDC1B1D5643A50079DA33 /* ViewController.swift */,
				65FBDC1D1D5643A50079DA33 /* Main.storyboard */,
				65FBDC201D5643A50079DA33 /* Assets.xcassets */,
				65FBDC221D5643A50079DA33 /* LaunchScreen.storyboard */,
				65FBDC251D5643A50079DA33 /* Info.plist */,
			);
			path = "gave app";
			sourceTree = "<group>";
		};
		65FBDC2D1D5643A50079DA33 /* gave appTests */ = {
			isa = PBXGroup;
			children = (
				65FBDC2E1D5643A50079DA33 /* gave_appTests.swift */,
				65FBDC301D5643A50079DA33 /* Info.plist */,
			);
			path = "gave appTests";
			sourceTree = "<group>";
		};
		65FBDC381D5643A50079DA33 /* gave appUITests */ = {
			isa = PBXGroup;
			children = (
				65FBDC391D5643A50079DA33 /* gave_appUITests.swift */,
				65FBDC3B1D5643A50079DA33 /* Info.plist */,
			);
			path = "gave appUITests";
			sourceTree = "<group>";
		};
/* End PBXGroup section */

/* Begin PBXNativeTarget section */
		65FBDC151D5643A50079DA33 /* gave app */ = {
			isa = PBXNativeTarget;
			buildConfigurationList = 65FBDC3E1D5643A50079DA33 /* Build configuration list for PBXNativeTarget "gave app" */;
			buildPhases = (
				65FBDC121D5643A50079DA33 /* Sources */,
				65FBDC131D5643A50079DA33 /* Frameworks */,
				65FBDC141D5643A50079DA33 /* Resources */,
			);
			buildRules = (
			);
			dependencies = (
			);
			name = "gave app";
			productName = "gave app";
			productReference = 65FBDC161D5643A50079DA33 /* gave app.app */;
			productType = "com.apple.product-type.application";
		};
		65FBDC291D5643A50079DA33 /* gave appTests */ = {
			isa = PBXNativeTarget;
			buildConfigurationList = 65FBDC411D5643A50079DA33 /* Build configuration list for PBXNativeTarget "gave appTests" */;
			buildPhases = (
				65FBDC261D5643A50079DA33 /* Sources */,
				65FBDC271D5643A50079DA33 /* Frameworks */,
				65FBDC281D5643A50079DA33 /* Resources */,
			);
			buildRules = (
			);
			dependencies = (
				65FBDC2C1D5643A50079DA33 /* PBXTargetDependency */,
			);
			name = "gave appTests";
			productName = "gave appTests";
			productReference = 65FBDC2A1D5643A50079DA33 /* gave appTests.xctest */;
			productType = "com.apple.product-type.bundle.unit-test";
		};
		65FBDC341D5643A50079DA33 /* gave appUITests */ = {
			isa = PBXNativeTarget;
			buildConfigurationList = 65FBDC441D5643A50079DA33 /* Build configuration list for PBXNativeTarget "gave appUITests" */;
			buildPhases = (
				65FBDC311D5643A50079DA33 /* Sources */,
				65FBDC321D5643A50079DA33 /* Frameworks */,
				65FBDC331D5643A50079DA33 /* Resources */,
			);
			buildRules = (
			);
			dependencies = (
				65FBDC371D5643A50079DA33 /* PBXTargetDependency */,
			);
			name = "gave appUITests";
			productName = "gave appUITests";
			productReference = 65FBDC351D5643A50079DA33 /* gave appUITests.xctest */;
			productType = "com.apple.product-type.bundle.ui-testing";
		};
/* End PBXNativeTarget section */

/* Begin PBXProject section */
		65FBDC0E1D5643A50079DA33 /* Project object */ = {
			isa = PBXProject;
			attributes = {
				LastSwiftUpdateCheck = 0730;
				LastUpgradeCheck = 0730;
				ORGANIZATIONNAME = "Pieter Kuijsten";
				TargetAttributes = {
					65FBDC151D5643A50079DA33 = {
						CreatedOnToolsVersion = 7.3.1;
					};
					65FBDC291D5643A50079DA33 = {
						CreatedOnToolsVersion = 7.3.1;
						TestTargetID = 65FBDC151D5643A50079DA33;
					};
					65FBDC341D5643A50079DA33 = {
						CreatedOnToolsVersion = 7.3.1;
						TestTargetID = 65FBDC151D5643A50079DA33;
					};
				};
			};
			buildConfigurationList = 65FBDC111D5643A50079DA33 /* Build configuration list for PBXProject "gave app" */;
			compatibilityVersion = "Xcode 3.2";
			developmentRegion = English;
			hasScannedForEncodings = 0;
			knownRegions = (
				en,
				Base,
			);
			mainGroup = 65FBDC0D1D5643A50079DA33;
			productRefGroup = 65FBDC171D5643A50079DA33 /* Products */;
			projectDirPath = "";
			projectRoot = "";
			targets = (
				65FBDC151D5643A50079DA33 /* gave app */,
				65FBDC291D5643A50079DA33 /* gave appTests */,
				65FBDC341D5643A50079DA33 /* gave appUITests */,
			);
		};
/* End PBXProject section */

/* Begin PBXResourcesBuildPhase section */
		65FBDC141D5643A50079DA33 /* Resources */ = {
			isa = PBXResourcesBuildPhase;
			buildActionMask = 2147483647;
			files = (
				65FBDC241D5643A50079DA33 /* LaunchScreen.storyboard in Resources */,
				65FBDC211D5643A50079DA33 /* Assets.xcassets in Resources */,
				65FBDC1F1D5643A50079DA33 /* Main.storyboard in Resources */,
			);
			runOnlyForDeploymentPostprocessing = 0;
		};
		65FBDC281D5643A50079DA33 /* Resources */ = {
			isa = PBXResourcesBuildPhase;
			buildActionMask = 2147483647;
			files = (
			);
			runOnlyForDeploymentPostprocessing = 0;
		};
		65FBDC331D5643A50079DA33 /* Resources */ = {
			isa = PBXResourcesBuildPhase;
			buildActionMask = 2147483647;
			files = (
			);
			runOnlyForDeploymentPostprocessing = 0;
		};
/* End PBXResourcesBuildPhase section */

/* Begin PBXSourcesBuildPhase section */
		65FBDC121D5643A50079DA33 /* Sources */ = {
			isa = PBXSourcesBuildPhase;
			buildActionMask = 2147483647;
			files = (
				65FBDC1C1D5643A50079DA33 /* ViewController.swift in Sources */,
				65FBDC1A1D5643A50079DA33 /* AppDelegate.swift in Sources */,
			);
			runOnlyForDeploymentPostprocessing = 0;
		};
		65FBDC261D5643A50079DA33 /* Sources */ = {
			isa = PBXSourcesBuildPhase;
			buildActionMask = 2147483647;
			files = (
				65FBDC2F1D5643A50079DA33 /* gave_appTests.swift in Sources */,
			);
			runOnlyForDeploymentPostprocessing = 0;
		};
		65FBDC311D5643A50079DA33 /* Sources */ = {
			isa = PBXSourcesBuildPhase;
			buildActionMask = 2147483647;
			files = (
				65FBDC3A1D5643A50079DA33 /* gave_appUITests.swift in Sources */,
			);
			runOnlyForDeploymentPostprocessing = 0;
		};
/* End PBXSourcesBuildPhase section */

/* Begin PBXTargetDependency section */
		65FBDC2C1D5643A50079DA33 /* PBXTargetDependency */ = {
			isa = PBXTargetDependency;
			target = 65FBDC151D5643A50079DA33 /* gave app */;
			targetProxy = 65FBDC2B1D5643A50079DA33 /* PBXContainerItemProxy */;
		};
		65FBDC371D5643A50079DA33 /* PBXTargetDependency */ = {
			isa = PBXTargetDependency;
			target = 65FBDC151D5643A50079DA33 /* gave app */;
			targetProxy = 65FBDC361D5643A50079DA33 /* PBXContainerItemProxy */;
		};
/* End PBXTargetDependency section */

/* Begin PBXVariantGroup section */
		65FBDC1D1D5643A50079DA33 /* Main.storyboard */ = {
			isa = PBXVariantGroup;
			children = (
				65FBDC1E1D5643A50079DA33 /* Base */,
			);
			name = Main.storyboard;
			sourceTree = "<group>";
		};
		65FBDC221D5643A50079DA33 /* LaunchScreen.storyboard */ = {
			isa = PBXVariantGroup;
			children = (
				65FBDC231D5643A50079DA33 /* Base */,
			);
			name = LaunchScreen.storyboard;
			sourceTree = "<group>";
		};
/* End PBXVariantGroup section */

/* Begin XCBuildConfiguration section */
		65FBDC3C1D5643A50079DA33 /* Debug */ = {
			isa = XCBuildConfiguration;
			buildSettings = {
				ALWAYS_SEARCH_USER_PATHS = NO;
				CLANG_ANALYZER_NONNULL = YES;
				CLANG_CXX_LANGUAGE_STANDARD = "gnu++0x";
				CLANG_CXX_LIBRARY = "libc++";
				CLANG_ENABLE_MODULES = YES;
				CLANG_ENABLE_OBJC_ARC = YES;
				CLANG_WARN_BOOL_CONVERSION = YES;
				CLANG_WARN_CONSTANT_CONVERSION = YES;
				CLANG_WARN_DIRECT_OBJC_ISA_USAGE = YES_ERROR;
				CLANG_WARN_EMPTY_BODY = YES;
				CLANG_WARN_ENUM_CONVERSION = YES;
				CLANG_WARN_INT_CONVERSION = YES;
				CLANG_WARN_OBJC_ROOT_CLASS = YES_ERROR;
				CLANG_WARN_UNREACHABLE_CODE = YES;
				CLANG_WARN__DUPLICATE_METHOD_MATCH = YES;
				"CODE_SIGN_IDENTITY[sdk=iphoneos*]" = "iPhone Developer";
				COPY_PHASE_STRIP = NO;
				DEBUG_INFORMATION_FORMAT = dwarf;
				ENABLE_STRICT_OBJC_MSGSEND = YES;
				ENABLE_TESTABILITY = YES;
				GCC_C_LANGUAGE_STANDARD = gnu99;
				GCC_DYNAMIC_NO_PIC = NO;
				GCC_NO_COMMON_BLOCKS = YES;
				GCC_OPTIMIZATION_LEVEL = 0;
				GCC_PREPROCESSOR_DEFINITIONS = (
					"DEBUG=1",
					"$(inherited)",
				);
				GCC_WARN_64_TO_32_BIT_CONVERSION = YES;
				GCC_WARN_ABOUT_RETURN_TYPE = YES_ERROR;
				GCC_WARN_UNDECLARED_SELECTOR = YES;
				GCC_WARN_UNINITIALIZED_AUTOS = YES_AGGRESSIVE;
				GCC_WARN_UNUSED_FUNCTION = YES;
				GCC_WARN_UNUSED_VARIABLE = YES;
				IPHONEOS_DEPLOYMENT_TARGET = 9.3;
				MTL_ENABLE_DEBUG_INFO = YES;
				ONLY_ACTIVE_ARCH = YES;
				SDKROOT = iphoneos;
				SWIFT_OPTIMIZATION_LEVEL = "-Onone";
				TARGETED_DEVICE_FAMILY = "1,2";
			};
			name = Debug;
		};
		65FBDC3D1D5643A50079DA33 /* Release */ = {
			isa = XCBuildConfiguration;
			buildSettings = {
				ALWAYS_SEARCH_USER_PATHS = NO;
				CLANG_ANALYZER_NONNULL = YES;
				CLANG_CXX_LANGUAGE_STANDARD = "gnu++0x";
				CLANG_CXX_LIBRARY = "libc++";
				CLANG_ENABLE_MODULES = YES;
				CLANG_ENABLE_OBJC_ARC = YES;
				CLANG_WARN_BOOL_CONVERSION = YES;
				CLANG_WARN_CONSTANT_CONVERSION = YES;
				CLANG_WARN_DIRECT_OBJC_ISA_USAGE = YES_ERROR;
				CLANG_WARN_EMPTY_BODY = YES;
				CLANG_WARN_ENUM_CONVERSION = YES;
				CLANG_WARN_INT_CONVERSION = YES;
				CLANG_WARN_OBJC_ROOT_CLASS = YES_ERROR;
				CLANG_WARN_UNREACHABLE_CODE = YES;
				CLANG_WARN__DUPLICATE_METHOD_MATCH = YES;
				"CODE_SIGN_IDENTITY[sdk=iphoneos*]" = "iPhone Developer";
				COPY_PHASE_STRIP = NO;
				DEBUG_INFORMATION_FORMAT = "dwarf-with-dsym";
				ENABLE_NS_ASSERTIONS = NO;
				ENABLE_STRICT_OBJC_MSGSEND = YES;
				GCC_C_LANGUAGE_STANDARD = gnu99;
				GCC_NO_COMMON_BLOCKS = YES;
				GCC_WARN_64_TO_32_BIT_CONVERSION = YES;
				GCC_WARN_ABOUT_RETURN_TYPE = YES_ERROR;
				GCC_WARN_UNDECLARED_SELECTOR = YES;
				GCC_WARN_UNINITIALIZED_AUTOS = YES_AGGRESSIVE;
				GCC_WARN_UNUSED_FUNCTION = YES;
				GCC_WARN_UNUSED_VARIABLE = YES;
				IPHONEOS_DEPLOYMENT_TARGET = 9.3;
				MTL_ENABLE_DEBUG_INFO = NO;
				SDKROOT = iphoneos;
				TARGETED_DEVICE_FAMILY = "1,2";
				VALIDATE_PRODUCT = YES;
			};
			name = Release;
		};
		65FBDC3F1D5643A50079DA33 /* Debug */ = {
			isa = XCBuildConfiguration;
			buildSettings = {
				ASSETCATALOG_COMPILER_APPICON_NAME = AppIcon;
				INFOPLIST_FILE = "gave app/Info.plist";
				LD_RUNPATH_SEARCH_PATHS = "$(inherited) @executable_path/Frameworks";
				PRODUCT_BUNDLE_IDENTIFIER = "Pieter.gave-app";
				PRODUCT_NAME = "$(TARGET_NAME)";
			};
			name = Debug;
		};
		65FBDC401D5643A50079DA33 /* Release */ = {
			isa = XCBuildConfiguration;
			buildSettings = {
				ASSETCATALOG_COMPILER_APPICON_NAME = AppIcon;
				INFOPLIST_FILE = "gave app/Info.plist";
				LD_RUNPATH_SEARCH_PATHS = "$(inherited) @executable_path/Frameworks";
				PRODUCT_BUNDLE_IDENTIFIER = "Pieter.gave-app";
				PRODUCT_NAME = "$(TARGET_NAME)";
			};
			name = Release;
		};
		65FBDC421D5643A50079DA33 /* Debug */ = {
			isa = XCBuildConfiguration;
			buildSettings = {
				BUNDLE_LOADER = "$(TEST_HOST)";
				INFOPLIST_FILE = "gave appTests/Info.plist";
				LD_RUNPATH_SEARCH_PATHS = "$(inherited) @executable_path/Frameworks @loader_path/Frameworks";
				PRODUCT_BUNDLE_IDENTIFIER = "Pieter.gave-appTests";
				PRODUCT_NAME = "$(TARGET_NAME)";
				TEST_HOST = "$(BUILT_PRODUCTS_DIR)/gave app.app/gave app";
			};
			name = Debug;
		};
		65FBDC431D5643A50079DA33 /* Release */ = {
			isa = XCBuildConfiguration;
			buildSettings = {
				BUNDLE_LOADER = "$(TEST_HOST)";
				INFOPLIST_FILE = "gave appTests/Info.plist";
				LD_RUNPATH_SEARCH_PATHS = "$(inherited) @executable_path/Frameworks @loader_path/Frameworks";
				PRODUCT_BUNDLE_IDENTIFIER = "Pieter.gave-appTests";
				PRODUCT_NAME = "$(TARGET_NAME)";
				TEST_HOST = "$(BUILT_PRODUCTS_DIR)/gave app.app/gave app";
			};
			name = Release;
		};
		65FBDC451D5643A50079DA33 /* Debug */ = {
			isa = XCBuildConfiguration;
			buildSettings = {
				INFOPLIST_FILE = "gave appUITests/Info.plist";
				LD_RUNPATH_SEARCH_PATHS = "$(inherited) @executable_path/Frameworks @loader_path/Frameworks";
				PRODUCT_BUNDLE_IDENTIFIER = "Pieter.gave-appUITests";
				PRODUCT_NAME = "$(TARGET_NAME)";
				TEST_TARGET_NAME = "gave app";
			};
			name = Debug;
		};
		65FBDC461D5643A50079DA33 /* Release */ = {
			isa = XCBuildConfiguration;
			buildSettings = {
				INFOPLIST_FILE = "gave appUITests/Info.plist";
				LD_RUNPATH_SEARCH_PATHS = "$(inherited) @executable_path/Frameworks @loader_path/Frameworks";
				PRODUCT_BUNDLE_IDENTIFIER = "Pieter.gave-appUITests";
				PRODUCT_NAME = "$(TARGET_NAME)";
				TEST_TARGET_NAME = "gave app";
			};
			name = Release;
		};
/* End XCBuildConfiguration section */

/* Begin XCConfigurationList section */
		65FBDC111D5643A50079DA33 /* Build configuration list for PBXProject "gave app" */ = {
			isa = XCConfigurationList;
			buildConfigurations = (
				65FBDC3C1D5643A50079DA33 /* Debug */,
				65FBDC3D1D5643A50079DA33 /* Release */,
			);
			defaultConfigurationIsVisible = 0;
			defaultConfigurationName = Release;
		};
		65FBDC3E1D5643A50079DA33 /* Build configuration list for PBXNativeTarget "gave app" */ = {
			isa = XCConfigurationList;
			buildConfigurations = (
				65FBDC3F1D5643A50079DA33 /* Debug */,
				65FBDC401D5643A50079DA33 /* Release */,
			);
			defaultConfigurationIsVisible = 0;
		};
		65FBDC411D5643A50079DA33 /* Build configuration list for PBXNativeTarget "gave appTests" */ = {
			isa = XCConfigurationList;
			buildConfigurations = (
				65FBDC421D5643A50079DA33 /* Debug */,
				65FBDC431D5643A50079DA33 /* Release */,
			);
			defaultConfigurationIsVisible = 0;
		};
		65FBDC441D5643A50079DA33 /* Build configuration list for PBXNativeTarget "gave appUITests" */ = {
			isa = XCConfigurationList;
			buildConfigurations = (
				65FBDC451D5643A50079DA33 /* Debug */,
				65FBDC461D5643A50079DA33 /* Release */,
			);
			defaultConfigurationIsVisible = 0;
		};
/* End XCConfigurationList section */
	};
	rootObject = 65FBDC0E1D5643A50079DA33 /* Project object */;
}
